
Microsoft Visual Studio Solution File, Format Version 12.00
# Visual Studio Version 16
VisualStudioVersion = 16.0.29709.97
MinimumVisualStudioVersion = 10.0.40219.1
Project("{FAE04EC0-301F-11D3-BF4B-00C04F79EFBC}") = "Solution1", "Solution1\Solution1.csproj", "{D15D9672-0649-4401-A379-3FFAD96BF898}"
EndProject
Project("{FAE04EC0-301F-11D3-BF4B-00C04F79EFBC}") = "Solution2", "Solution2\Solution2.csproj", "{5380BF3C-A509-460E-8769-4F63A5FF270E}"
EndProject
Global
	GlobalSection(SolutionConfigurationPlatforms) = preSolution
		Debug|Any CPU = Debug|Any CPU
		Release|Any CPU = Release|Any CPU
	EndGlobalSection
	GlobalSection(ProjectConfigurationPlatforms) = postSolution
		{D15D9672-0649-4401-A379-3FFAD96BF898}.Debug|Any CPU.ActiveCfg = Debug|Any CPU
		{D15D9672-0649-4401-A379-3FFAD96BF898}.Debug|Any CPU.Build.0 = Debug|Any CPU
		{D15D9672-0649-4401-A379-3FFAD96BF898}.Release|Any CPU.ActiveCfg = Release|Any CPU
		{D15D9672-0649-4401-A379-3FFAD96BF898}.Release|Any CPU.Build.0 = Release|Any CPU
		{5380BF3C-A509-460E-8769-4F63A5FF270E}.Debug|Any CPU.ActiveCfg = Debug|Any CPU
		{5380BF3C-A509-460E-8769-4F63A5FF270E}.Debug|Any CPU.Build.0 = Debug|Any CPU
		{5380BF3C-A509-460E-8769-4F63A5FF270E}.Release|Any CPU.ActiveCfg = Release|Any CPU
		{5380BF3C-A509-460E-8769-4F63A5FF270E}.Release|Any CPU.Build.0 = Release|Any CPU
	EndGlobalSection
	GlobalSection(SolutionProperties) = preSolution
		HideSolutionNode = FALSE
	EndGlobalSection
	GlobalSection(ExtensibilityGlobals) = postSolution
		SolutionGuid = {ECB3D5C3-B516-4ACF-8DA7-5B42EC8510F9}
	EndGlobalSection
EndGlobal
