
Microsoft Visual Studio Solution File, Format Version 12.00
# Visual Studio Version 16
VisualStudioVersion = 16.0.30503.244
MinimumVisualStudioVersion = 10.0.40219.1
Project("{9A19103F-16F7-4668-BE54-9A1E7A4F7556}") = "Example1_Refactoring", "Example1_Refactoring\Example1_Refactoring.csproj", "{3654CC67-2E84-4A83-9C0A-FAE5A50C5C85}"
EndProject
Project("{FAE04EC0-301F-11D3-BF4B-00C04F79EFBC}") = "EndpointService", "EndpointService\EndpointService.csproj", "{DABB9C73-2520-4CE4-A8CA-19652B2B1BB2}"
EndProject
Global
	GlobalSection(SolutionConfigurationPlatforms) = preSolution
		Debug|Any CPU = Debug|Any CPU
		Release|Any CPU = Release|Any CPU
	EndGlobalSection
	GlobalSection(ProjectConfigurationPlatforms) = postSolution
		{3654CC67-2E84-4A83-9C0A-FAE5A50C5C85}.Debug|Any CPU.ActiveCfg = Debug|Any CPU
		{3654CC67-2E84-4A83-9C0A-FAE5A50C5C85}.Debug|Any CPU.Build.0 = Debug|Any CPU
		{3654CC67-2E84-4A83-9C0A-FAE5A50C5C85}.Release|Any CPU.ActiveCfg = Release|Any CPU
		{3654CC67-2E84-4A83-9C0A-FAE5A50C5C85}.Release|Any CPU.Build.0 = Release|Any CPU
		{DABB9C73-2520-4CE4-A8CA-19652B2B1BB2}.Debug|Any CPU.ActiveCfg = Debug|Any CPU
		{DABB9C73-2520-4CE4-A8CA-19652B2B1BB2}.Debug|Any CPU.Build.0 = Debug|Any CPU
		{DABB9C73-2520-4CE4-A8CA-19652B2B1BB2}.Release|Any CPU.ActiveCfg = Release|Any CPU
		{DABB9C73-2520-4CE4-A8CA-19652B2B1BB2}.Release|Any CPU.Build.0 = Release|Any CPU
	EndGlobalSection
	GlobalSection(SolutionProperties) = preSolution
		HideSolutionNode = FALSE
	EndGlobalSection
	GlobalSection(ExtensibilityGlobals) = postSolution
		SolutionGuid = {A0EEF640-2457-4DFD-B818-720F0C3BAA33}
	EndGlobalSection
EndGlobal
